
Microsoft Visual Studio Solution File, Format Version 12.00
# Visual Studio Version 17
VisualStudioVersion = 17.9.34607.119
MinimumVisualStudioVersion = 10.0.40219.1
Project("{FAE04EC0-301F-11D3-BF4B-00C04F79EFBC}") = "Homework_14", "Homework_12\Homework_14.csproj", "{ED85F5B4-4D82-4A77-95C9-92C0A3E94674}"
EndProject
Project("{FAE04EC0-301F-11D3-BF4B-00C04F79EFBC}") = "ClassLibrary", "ClassLibrary\ClassLibrary\ClassLibrary.csproj", "{EE4D44F3-54BD-47F7-B4DB-EF9E0D9D1382}"
EndProject
Global
	GlobalSection(SolutionConfigurationPlatforms) = preSolution
		Debug|Any CPU = Debug|Any CPU
		Release|Any CPU = Release|Any CPU
	EndGlobalSection
	GlobalSection(ProjectConfigurationPlatforms) = postSolution
		{ED85F5B4-4D82-4A77-95C9-92C0A3E94674}.Debug|Any CPU.ActiveCfg = Debug|Any CPU
		{ED85F5B4-4D82-4A77-95C9-92C0A3E94674}.Debug|Any CPU.Build.0 = Debug|Any CPU
		{ED85F5B4-4D82-4A77-95C9-92C0A3E94674}.Release|Any CPU.ActiveCfg = Release|Any CPU
		{ED85F5B4-4D82-4A77-95C9-92C0A3E94674}.Release|Any CPU.Build.0 = Release|Any CPU
		{EE4D44F3-54BD-47F7-B4DB-EF9E0D9D1382}.Debug|Any CPU.ActiveCfg = Debug|Any CPU
		{EE4D44F3-54BD-47F7-B4DB-EF9E0D9D1382}.Debug|Any CPU.Build.0 = Debug|Any CPU
		{EE4D44F3-54BD-47F7-B4DB-EF9E0D9D1382}.Release|Any CPU.ActiveCfg = Release|Any CPU
		{EE4D44F3-54BD-47F7-B4DB-EF9E0D9D1382}.Release|Any CPU.Build.0 = Release|Any CPU
	EndGlobalSection
	GlobalSection(SolutionProperties) = preSolution
		HideSolutionNode = FALSE
	EndGlobalSection
	GlobalSection(ExtensibilityGlobals) = postSolution
		SolutionGuid = {DB4D5EC8-7884-4CB8-AD6A-99EE6CF10DF4}
	EndGlobalSection
EndGlobal
